<?xml version="1.0" encoding="utf-8"?>
<Project ToolsVersion="4.0" xmlns="http://schemas.microsoft.com/developer/msbuild/2003">
  <ItemGroup>
    <Filter Include="源文件">
      <UniqueIdentifier>{4FC737F1-C7A5-4376-A066-2A32D752A2FF}</UniqueIdentifier>
      <Extensions>cpp;c;cc;cxx;def;odl;idl;hpj;bat;asm;asmx</Extensions>
    </Filter>
    <Filter Include="头文件">
      <UniqueIdentifier>{93995380-89BD-4b04-88EB-625FBE52EBFB}</UniqueIdentifier>
      <Extensions>h;hpp;hxx;hm;inl;inc;xsd</Extensions>
    </Filter>
    <Filter Include="资源文件">
      <UniqueIdentifier>{67DA6AB6-F800-4c08-8B7A-83BB121AAD01}</UniqueIdentifier>
      <Extensions>rc;ico;cur;bmp;dlg;rc2;rct;bin;rgs;gif;jpg;jpeg;jpe;resx;tiff;tif;png;wav;mfcribbon-ms</Extensions>
    </Filter>
    <Filter Include="pthreads-w32">
      <UniqueIdentifier>{f123bad3-6ead-40ce-88d7-9baf2379132d}</UniqueIdentifier>
    </Filter>
    <Filter Include="Util">
      <UniqueIdentifier>{e4c96ee6-3433-478c-a098-72968528297f}</UniqueIdentifier>
    </Filter>
    <Filter Include="Log">
      <UniqueIdentifier>{020bc520-753d-4c90-80c6-835dd5825576}</UniqueIdentifier>
    </Filter>
    <Filter Include="COMM">
      <UniqueIdentifier>{0fe7d488-70d0-49e5-b33a-289673dba68b}</UniqueIdentifier>
    </Filter>
    <Filter Include="Dump">
      <UniqueIdentifier>{7736949c-5c7a-4bd8-b27e-5679ec3dc1c1}</UniqueIdentifier>
    </Filter>
    <Filter Include="socket">
      <UniqueIdentifier>{b44274d9-4036-42c1-a3bc-c3eb872d4a79}</UniqueIdentifier>
    </Filter>
    <Filter Include="socket\include">
      <UniqueIdentifier>{60826d88-a434-47de-8ebc-caec2f136e6e}</UniqueIdentifier>
    </Filter>
    <Filter Include="plc">
      <UniqueIdentifier>{b13ee9ef-cd44-4fd4-b344-805bcdccd517}</UniqueIdentifier>
    </Filter>
    <Filter Include="plc\include">
      <UniqueIdentifier>{a7c6b52e-63e6-46a3-9a5d-c930ac8bdf38}</UniqueIdentifier>
    </Filter>
  </ItemGroup>
  <ItemGroup>
    <None Include="ReadMe.txt" />
    <None Include="MfcDllTool.def">
      <Filter>源文件</Filter>
    </None>
    <None Include="res\MfcDllTool.rc2">
      <Filter>资源文件</Filter>
    </None>
  </ItemGroup>
  <ItemGroup>
    <ClCompile Include="MfcDllTool.cpp">
      <Filter>源文件</Filter>
    </ClCompile>
    <ClCompile Include="stdafx.cpp">
      <Filter>源文件</Filter>
    </ClCompile>
    <ClCompile Include="Log\LogFile.cpp">
      <Filter>Log</Filter>
    </ClCompile>
    <ClCompile Include="Util\FileManager.cpp">
      <Filter>Util</Filter>
    </ClCompile>
    <ClCompile Include="Util\IniFile.cpp">
      <Filter>Util</Filter>
    </ClCompile>
    <ClCompile Include="Util\Util.cpp">
      <Filter>Util</Filter>
    </ClCompile>
    <ClCompile Include="RegReader.cpp">
      <Filter>Util</Filter>
    </ClCompile>
    <ClCompile Include="Dump\MiniDumper.cpp">
      <Filter>Dump</Filter>
    </ClCompile>
    <ClCompile Include="socket\TcpTransport.cpp">
      <Filter>socket</Filter>
    </ClCompile>
    <ClCompile Include="socket\Transport.cpp">
      <Filter>socket</Filter>
    </ClCompile>
    <ClCompile Include="socket\UdpTransport.cpp">
      <Filter>socket</Filter>
    </ClCompile>
    <ClCompile Include="plc\Fins.cpp">
      <Filter>plc</Filter>
    </ClCompile>
    <ClCompile Include="plc\TcpFinsCommand.cpp">
      <Filter>plc</Filter>
    </ClCompile>
    <ClCompile Include="plc\UdpFinsCommand.cpp">
      <Filter>plc</Filter>
    </ClCompile>
  </ItemGroup>
  <ItemGroup>
    <ClInclude Include="MfcDllTool.h">
      <Filter>头文件</Filter>
    </ClInclude>
    <ClInclude Include="stdafx.h">
      <Filter>头文件</Filter>
    </ClInclude>
    <ClInclude Include="targetver.h">
      <Filter>头文件</Filter>
    </ClInclude>
    <ClInclude Include="Resource.h">
      <Filter>头文件</Filter>
    </ClInclude>
    <ClInclude Include="Log\LogFile.h">
      <Filter>Log</Filter>
    </ClInclude>
    <ClInclude Include="COMM\FmCom_NoActive.h">
      <Filter>COMM</Filter>
    </ClInclude>
    <ClInclude Include="Util\FileManager.h">
      <Filter>Util</Filter>
    </ClInclude>
    <ClInclude Include="Util\IniFile.h">
      <Filter>Util</Filter>
    </ClInclude>
    <ClInclude Include="Util\Util.h">
      <Filter>Util</Filter>
    </ClInclude>
    <ClInclude Include="pthreads-w32\include\pthread.h">
      <Filter>pthreads-w32</Filter>
    </ClInclude>
    <ClInclude Include="pthreads-w32\include\sched.h">
      <Filter>pthreads-w32</Filter>
    </ClInclude>
    <ClInclude Include="pthreads-w32\include\semaphore.h">
      <Filter>pthreads-w32</Filter>
    </ClInclude>
    <ClInclude Include="RegReader.h">
      <Filter>Util</Filter>
    </ClInclude>
    <ClInclude Include="Dump\MiniDumper.h">
      <Filter>Dump</Filter>
    </ClInclude>
    <ClInclude Include="dllexport.h">
      <Filter>头文件</Filter>
    </ClInclude>
    <ClInclude Include="socket\include\ITransport.h">
      <Filter>socket\include</Filter>
    </ClInclude>
    <ClInclude Include="socket\include\TcpTransport.h">
      <Filter>socket\include</Filter>
    </ClInclude>
    <ClInclude Include="socket\include\Transport.h">
      <Filter>socket\include</Filter>
    </ClInclude>
    <ClInclude Include="socket\include\UdpTransport.h">
      <Filter>socket\include</Filter>
    </ClInclude>
    <ClInclude Include="socket\include\SocketData.h">
      <Filter>socket\include</Filter>
    </ClInclude>
    <ClInclude Include="plc\include\Fins.h">
      <Filter>plc\include</Filter>
    </ClInclude>
    <ClInclude Include="plc\include\IFinsCommand.h">
      <Filter>plc\include</Filter>
    </ClInclude>
    <ClInclude Include="plc\include\TcpFinsCommand.h">
      <Filter>plc\include</Filter>
    </ClInclude>
    <ClInclude Include="plc\include\UdpFinsCommand.h">
      <Filter>plc\include</Filter>
    </ClInclude>
    <ClInclude Include="FinsCmdEnum.h">
      <Filter>plc\include</Filter>
    </ClInclude>
    <ClInclude Include="plc\include\FinsCmdEnum.h">
      <Filter>plc\include</Filter>
    </ClInclude>
  </ItemGroup>
  <ItemGroup>
    <ResourceCompile Include="MfcDllTool.rc">
      <Filter>资源文件</Filter>
    </ResourceCompile>
  </ItemGroup>
</Project>